github.com/lib/pq v1.0.0 h1:X5PMW56eZitiTeO7tKzZxFCSpbFZJtkMMooicw2us9A=
github.com/lib/pq v1.0.0/go.mod h1:5WUZQaWbwv1U+lTReE5YruASi9Al49XbQIvNi/34Woo=
github.com/mattes/migrate v3.0.1+incompatible h1:PhAZP82Vqejw8JZLF4U5UkLGzEVaCnbtJpB6DONcDow=
github.com/mattes/migrate v3.0.1+incompatible/go.mod h1:LJcqgpj1jQoxv3m2VXd3drv0suK5CbN/RCX7MXwgnVI=
